// !$*UTF8*$!
{
	archiveVersion = 1;
	classes = {
	};
	objectVersion = 48;
	objects = {

/* Begin PBXBuildFile section */
		6F1381C42031BF42002F30E4 /* AppDelegate.swift in Sources */ = {isa = PBXBuildFile; fileRef = 6F1381C32031BF42002F30E4 /* AppDelegate.swift */; };
		6F1381C62031BF42002F30E4 /* ViewController.swift in Sources */ = {isa = PBXBuildFile; fileRef = 6F1381C52031BF42002F30E4 /* ViewController.swift */; };
		6F1381C92031BF42002F30E4 /* Main.storyboard in Resources */ = {isa = PBXBuildFile; fileRef = 6F1381C72031BF42002F30E4 /* Main.storyboard */; };
		6F1381CB2031BF42002F30E4 /* Assets.xcassets in Resources */ = {isa = PBXBuildFile; fileRef = 6F1381CA2031BF42002F30E4 /* Assets.xcassets */; };
		6F1381CE2031BF42002F30E4 /* LaunchScreen.storyboard in Resources */ = {isa = PBXBuildFile; fileRef = 6F1381CC2031BF42002F30E4 /* LaunchScreen.storyboard */; };
		9F70A08488AABCD0B60725C7 /* Pods_ModesoWheelDemo.framework in Frameworks */ = {isa = PBXBuildFile; fileRef = 15EFF71252CC872842E43226 /* Pods_ModesoWheelDemo.framework */; };
/* End PBXBuildFile section */

/* Begin PBXFileReference section */
		15EFF71252CC872842E43226 /* Pods_ModesoWheelDemo.framework */ = {isa = PBXFileReference; explicitFileType = wrapper.framework; includeInIndex = 0; path = Pods_ModesoWheelDemo.framework; sourceTree = BUILT_PRODUCTS_DIR; };
		6F1381C02031BF42002F30E4 /* ModesoWheelDemo.app */ = {isa = PBXFileReference; explicitFileType = wrapper.application; includeInIndex = 0; path = ModesoWheelDemo.app; sourceTree = BUILT_PRODUCTS_DIR; };
		6F1381C32031BF42002F30E4 /* AppDelegate.swift */ = {isa = PBXFileReference; lastKnownFileType = sourcecode.swift; path = AppDelegate.swift; sourceTree = "<group>"; };
		6F1381C52031BF42002F30E4 /* ViewController.swift */ = {isa = PBXFileReference; lastKnownFileType = sourcecode.swift; path = ViewController.swift; sourceTree = "<group>"; };
		6F1381C82031BF42002F30E4 /* Base */ = {isa = PBXFileReference; lastKnownFileType = file.storyboard; name = Base; path = Base.lproj/Main.storyboard; sourceTree = "<group>"; };
		6F1381CA2031BF42002F30E4 /* Assets.xcassets */ = {isa = PBXFileReference; lastKnownFileType = folder.assetcatalog; path = Assets.xcassets; sourceTree = "<group>"; };
		6F1381CD2031BF42002F30E4 /* Base */ = {isa = PBXFileReference; lastKnownFileType = file.storyboard; name = Base; path = Base.lproj/LaunchScreen.storyboard; sourceTree = "<group>"; };
		6F1381CF2031BF42002F30E4 /* Info.plist */ = {isa = PBXFileReference; lastKnownFileType = text.plist.xml; path = Info.plist; sourceTree = "<group>"; };
		A5D2437F3A2661D67EA1BE6F /* Pods-ModesoWheelDemo.debug.xcconfig */ = {isa = PBXFileReference; includeInIndex = 1; lastKnownFileType = text.xcconfig; name = "Pods-ModesoWheelDemo.debug.xcconfig"; path = "Pods/Target Support Files/Pods-ModesoWheelDemo/Pods-ModesoWheelDemo.debug.xcconfig"; sourceTree = "<group>"; };
		A66B4E8979A7509BE7D41238 /* Pods-ModesoWheelDemo.release.xcconfig */ = {isa = PBXFileReference; includeInIndex = 1; lastKnownFileType = text.xcconfig; name = "Pods-ModesoWheelDemo.release.xcconfig"; path = "Pods/Target Support Files/Pods-ModesoWheelDemo/Pods-ModesoWheelDemo.release.xcconfig"; sourceTree = "<group>"; };
/* End PBXFileReference section */

/* Begin PBXFrameworksBuildPhase section */
		6F1381BD2031BF42002F30E4 /* Frameworks */ = {
			isa = PBXFrameworksBuildPhase;
			buildActionMask = 2147483647;
			files = (
				9F70A08488AABCD0B60725C7 /* Pods_ModesoWheelDemo.framework in Frameworks */,
			);
			runOnlyForDeploymentPostprocessing = 0;
		};
/* End PBXFrameworksBuildPhase section */

/* Begin PBXGroup section */
		3D13F96C9F5629E1BCCBADE0 /* Pods */ = {
			isa = PBXGroup;
			children = (
				A5D2437F3A2661D67EA1BE6F /* Pods-ModesoWheelDemo.debug.xcconfig */,
				A66B4E8979A7509BE7D41238 /* Pods-ModesoWheelDemo.release.xcconfig */,
			);
			name = Pods;
			sourceTree = "<group>";
		};
		6C243CECB0D879D0545807E5 /* Frameworks */ = {
			isa = PBXGroup;
			children = (
				15EFF71252CC872842E43226 /* Pods_ModesoWheelDemo.framework */,
			);
			name = Frameworks;
			sourceTree = "<group>";
		};
		6F1381B72031BF42002F30E4 = {
			isa = PBXGroup;
			children = (
				6F1381C22031BF42002F30E4 /* ModesoWheelDemo */,
				6F1381C12031BF42002F30E4 /* Products */,
				3D13F96C9F5629E1BCCBADE0 /* Pods */,
				6C243CECB0D879D0545807E5 /* Frameworks */,
			);
			sourceTree = "<group>";
		};
		6F1381C12031BF42002F30E4 /* Products */ = {
			isa = PBXGroup;
			children = (
				6F1381C02031BF42002F30E4 /* ModesoWheelDemo.app */,
			);
			name = Products;
			sourceTree = "<group>";
		};
		6F1381C22031BF42002F30E4 /* ModesoWheelDemo */ = {
			isa = PBXGroup;
			children = (
				6F1381C32031BF42002F30E4 /* AppDelegate.swift */,
				6F1381C52031BF42002F30E4 /* ViewController.swift */,
				6F1381C72031BF42002F30E4 /* Main.storyboard */,
				6F1381CA2031BF42002F30E4 /* Assets.xcassets */,
				6F1381CC2031BF42002F30E4 /* LaunchScreen.storyboard */,
				6F1381CF2031BF42002F30E4 /* Info.plist */,
			);
			path = ModesoWheelDemo;
			sourceTree = "<group>";
		};
/* End PBXGroup section */

/* Begin PBXNativeTarget section */
		6F1381BF2031BF42002F30E4 /* ModesoWheelDemo */ = {
			isa = PBXNativeTarget;
			buildConfigurationList = 6F1381D22031BF42002F30E4 /* Build configuration list for PBXNativeTarget "ModesoWheelDemo" */;
			buildPhases = (
				DBAEE1C07CB9B5F737B46C64 /* [CP] Check Pods Manifest.lock */,
				6F1381BC2031BF42002F30E4 /* Sources */,
				6F1381BD2031BF42002F30E4 /* Frameworks */,
				6F1381BE2031BF42002F30E4 /* Resources */,
				0D4E291137577BE0951022C0 /* [CP] Embed Pods Frameworks */,
				6BD338825C5D2D1E1F613575 /* [CP] Copy Pods Resources */,
			);
			buildRules = (
			);
			dependencies = (
			);
			name = ModesoWheelDemo;
			productName = ModesoWheelDemo;
			productReference = 6F1381C02031BF42002F30E4 /* ModesoWheelDemo.app */;
			productType = "com.apple.product-type.application";
		};
/* End PBXNativeTarget section */

/* Begin PBXProject section */
		6F1381B82031BF42002F30E4 /* Project object */ = {
			isa = PBXProject;
			attributes = {
				LastSwiftUpdateCheck = 0920;
				LastUpgradeCheck = 0920;
				ORGANIZATIONNAME = Modeso;
				TargetAttributes = {
					6F1381BF2031BF42002F30E4 = {
						CreatedOnToolsVersion = 9.2;
						ProvisioningStyle = Automatic;
					};
				};
			};
			buildConfigurationList = 6F1381BB2031BF42002F30E4 /* Build configuration list for PBXProject "ModesoWheelDemo" */;
			compatibilityVersion = "Xcode 8.0";
			developmentRegion = en;
			hasScannedForEncodings = 0;
			knownRegions = (
				en,
				Base,
			);
			mainGroup = 6F1381B72031BF42002F30E4;
			productRefGroup = 6F1381C12031BF42002F30E4 /* Products */;
			projectDirPath = "";
			projectRoot = "";
			targets = (
				6F1381BF2031BF42002F30E4 /* ModesoWheelDemo */,
			);
		};
/* End PBXProject section */

/* Begin PBXResourcesBuildPhase section */
		6F1381BE2031BF42002F30E4 /* Resources */ = {
			isa = PBXResourcesBuildPhase;
			buildActionMask = 2147483647;
			files = (
				6F1381CE2031BF42002F30E4 /* LaunchScreen.storyboard in Resources */,
				6F1381CB2031BF42002F30E4 /* Assets.xcassets in Resources */,
				6F1381C92031BF42002F30E4 /* Main.storyboard in Resources */,
			);
			runOnlyForDeploymentPostprocessing = 0;
		};
/* End PBXResourcesBuildPhase section */

/* Begin PBXShellScriptBuildPhase section */
		0D4E291137577BE0951022C0 /* [CP] Embed Pods Frameworks */ = {
			isa = PBXShellScriptBuildPhase;
			buildActionMask = 2147483647;
			files = (
			);
			inputPaths = (
				"${SRCROOT}/Pods/Target Support Files/Pods-ModesoWheelDemo/Pods-ModesoWheelDemo-frameworks.sh",
				"${BUILT_PRODUCTS_DIR}/ModesoWheel/ModesoWheel.framework",
			);
			name = "[CP] Embed Pods Frameworks";
			outputPaths = (
				"${TARGET_BUILD_DIR}/${FRAMEWORKS_FOLDER_PATH}/ModesoWheel.framework",
			);
			runOnlyForDeploymentPostprocessing = 0;
			shellPath = /bin/sh;
			shellScript = "\"${SRCROOT}/Pods/Target Support Files/Pods-ModesoWheelDemo/Pods-ModesoWheelDemo-frameworks.sh\"\n";
			showEnvVarsInLog = 0;
		};
		6BD338825C5D2D1E1F613575 /* [CP] Copy Pods Resources */ = {
			isa = PBXShellScriptBuildPhase;
			buildActionMask = 2147483647;
			files = (
			);
			inputPaths = (
			);
			name = "[CP] Copy Pods Resources";
			outputPaths = (
			);
			runOnlyForDeploymentPostprocessing = 0;
			shellPath = /bin/sh;
			shellScript = "\"${SRCROOT}/Pods/Target Support Files/Pods-ModesoWheelDemo/Pods-ModesoWheelDemo-resources.sh\"\n";
			showEnvVarsInLog = 0;
		};
		DBAEE1C07CB9B5F737B46C64 /* [CP] Check Pods Manifest.lock */ = {
			isa = PBXShellScriptBuildPhase;
			buildActionMask = 2147483647;
			files = (
			);
			inputPaths = (
				"${PODS_PODFILE_DIR_PATH}/Podfile.lock",
				"${PODS_ROOT}/Manifest.lock",
			);
			name = "[CP] Check Pods Manifest.lock";
			outputPaths = (
				"$(DERIVED_FILE_DIR)/Pods-ModesoWheelDemo-checkManifestLockResult.txt",
			);
			runOnlyForDeploymentPostprocessing = 0;
			shellPath = /bin/sh;
			shellScript = "diff \"${PODS_PODFILE_DIR_PATH}/Podfile.lock\" \"${PODS_ROOT}/Manifest.lock\" > /dev/null\nif [ $? != 0 ] ; then\n    # print error to STDERR\n    echo \"error: The sandbox is not in sync with the Podfile.lock. Run 'pod install' or update your CocoaPods installation.\" >&2\n    exit 1\nfi\n# This output is used by Xcode 'outputs' to avoid re-running this script phase.\necho \"SUCCESS\" > \"${SCRIPT_OUTPUT_FILE_0}\"\n";
			showEnvVarsInLog = 0;
		};
/* End PBXShellScriptBuildPhase section */

/* Begin PBXSourcesBuildPhase section */
		6F1381BC2031BF42002F30E4 /* Sources */ = {
			isa = PBXSourcesBuildPhase;
			buildActionMask = 2147483647;
			files = (
				6F1381C62031BF42002F30E4 /* ViewController.swift in Sources */,
				6F1381C42031BF42002F30E4 /* AppDelegate.swift in Sources */,
			);
			runOnlyForDeploymentPostprocessing = 0;
		};
/* End PBXSourcesBuildPhase section */

/* Begin PBXVariantGroup section */
		6F1381C72031BF42002F30E4 /* Main.storyboard */ = {
			isa = PBXVariantGroup;
			children = (
				6F1381C82031BF42002F30E4 /* Base */,
			);
			name = Main.storyboard;
			sourceTree = "<group>";
		};
		6F1381CC2031BF42002F30E4 /* LaunchScreen.storyboard */ = {
			isa = PBXVariantGroup;
			children = (
				6F1381CD2031BF42002F30E4 /* Base */,
			);
			name = LaunchScreen.storyboard;
			sourceTree = "<group>";
		};
/* End PBXVariantGroup section */

/* Begin XCBuildConfiguration section */
		6F1381D02031BF42002F30E4 /* Debug */ = {
			isa = XCBuildConfiguration;
			buildSettings = {
				ALWAYS_SEARCH_USER_PATHS = NO;
				CLANG_ANALYZER_NONNULL = YES;
				CLANG_ANALYZER_NUMBER_OBJECT_CONVERSION = YES_AGGRESSIVE;
				CLANG_CXX_LANGUAGE_STANDARD = "gnu++14";
				CLANG_CXX_LIBRARY = "libc++";
				CLANG_ENABLE_MODULES = YES;
				CLANG_ENABLE_OBJC_ARC = YES;
				CLANG_WARN_BLOCK_CAPTURE_AUTORELEASING = YES;
				CLANG_WARN_BOOL_CONVERSION = YES;
				CLANG_WARN_COMMA = YES;
				CLANG_WARN_CONSTANT_CONVERSION = YES;
				CLANG_WARN_DIRECT_OBJC_ISA_USAGE = YES_ERROR;
				CLANG_WARN_DOCUMENTATION_COMMENTS = YES;
				CLANG_WARN_EMPTY_BODY = YES;
				CLANG_WARN_ENUM_CONVERSION = YES;
				CLANG_WARN_INFINITE_RECURSION = YES;
				CLANG_WARN_INT_CONVERSION = YES;
				CLANG_WARN_NON_LITERAL_NULL_CONVERSION = YES;
				CLANG_WARN_OBJC_LITERAL_CONVERSION = YES;
				CLANG_WARN_OBJC_ROOT_CLASS = YES_ERROR;
				CLANG_WARN_RANGE_LOOP_ANALYSIS = YES;
				CLANG_WARN_STRICT_PROTOTYPES = YES;
				CLANG_WARN_SUSPICIOUS_MOVE = YES;
				CLANG_WARN_UNGUARDED_AVAILABILITY = YES_AGGRESSIVE;
				CLANG_WARN_UNREACHABLE_CODE = YES;
				CLANG_WARN__DUPLICATE_METHOD_MATCH = YES;
				CODE_SIGN_IDENTITY = "iPhone Developer";
				COPY_PHASE_STRIP = NO;
				DEBUG_INFORMATION_FORMAT = dwarf;
				ENABLE_STRICT_OBJC_MSGSEND = YES;
				ENABLE_TESTABILITY = YES;
				GCC_C_LANGUAGE_STANDARD = gnu11;
				GCC_DYNAMIC_NO_PIC = NO;
				GCC_NO_COMMON_BLOCKS = YES;
				GCC_OPTIMIZATION_LEVEL = 0;
				GCC_PREPROCESSOR_DEFINITIONS = (
					"DEBUG=1",
					"$(inherited)",
				);
				GCC_WARN_64_TO_32_BIT_CONVERSION = YES;
				GCC_WARN_ABOUT_RETURN_TYPE = YES_ERROR;
				GCC_WARN_UNDECLARED_SELECTOR = YES;
				GCC_WARN_UNINITIALIZED_AUTOS = YES_AGGRESSIVE;
				GCC_WARN_UNUSED_FUNCTION = YES;
				GCC_WARN_UNUSED_VARIABLE = YES;
				IPHONEOS_DEPLOYMENT_TARGET = 11.2;
				MTL_ENABLE_DEBUG_INFO = YES;
				ONLY_ACTIVE_ARCH = YES;
				SDKROOT = iphoneos;
				SWIFT_ACTIVE_COMPILATION_CONDITIONS = DEBUG;
				SWIFT_OPTIMIZATION_LEVEL = "-Onone";
			};
			name = Debug;
		};
		6F1381D12031BF42002F30E4 /* Release */ = {
			isa = XCBuildConfiguration;
			buildSettings = {
				ALWAYS_SEARCH_USER_PATHS = NO;
				CLANG_ANALYZER_NONNULL = YES;
				CLANG_ANALYZER_NUMBER_OBJECT_CONVERSION = YES_AGGRESSIVE;
				CLANG_CXX_LANGUAGE_STANDARD = "gnu++14";
				CLANG_CXX_LIBRARY = "libc++";
				CLANG_ENABLE_MODULES = YES;
				CLANG_ENABLE_OBJC_ARC = YES;
				CLANG_WARN_BLOCK_CAPTURE_AUTORELEASING = YES;
				CLANG_WARN_BOOL_CONVERSION = YES;
				CLANG_WARN_COMMA = YES;
				CLANG_WARN_CONSTANT_CONVERSION = YES;
				CLANG_WARN_DIRECT_OBJC_ISA_USAGE = YES_ERROR;
				CLANG_WARN_DOCUMENTATION_COMMENTS = YES;
				CLANG_WARN_EMPTY_BODY = YES;
				CLANG_WARN_ENUM_CONVERSION = YES;
				CLANG_WARN_INFINITE_RECURSION = YES;
				CLANG_WARN_INT_CONVERSION = YES;
				CLANG_WARN_NON_LITERAL_NULL_CONVERSION = YES;
				CLANG_WARN_OBJC_LITERAL_CONVERSION = YES;
				CLANG_WARN_OBJC_ROOT_CLASS = YES_ERROR;
				CLANG_WARN_RANGE_LOOP_ANALYSIS = YES;
				CLANG_WARN_STRICT_PROTOTYPES = YES;
				CLANG_WARN_SUSPICIOUS_MOVE = YES;
				CLANG_WARN_UNGUARDED_AVAILABILITY = YES_AGGRESSIVE;
				CLANG_WARN_UNREACHABLE_CODE = YES;
				CLANG_WARN__DUPLICATE_METHOD_MATCH = YES;
				CODE_SIGN_IDENTITY = "iPhone Developer";
				COPY_PHASE_STRIP = NO;
				DEBUG_INFORMATION_FORMAT = "dwarf-with-dsym";
				ENABLE_NS_ASSERTIONS = NO;
				ENABLE_STRICT_OBJC_MSGSEND = YES;
				GCC_C_LANGUAGE_STANDARD = gnu11;
				GCC_NO_COMMON_BLOCKS = YES;
				GCC_WARN_64_TO_32_BIT_CONVERSION = YES;
				GCC_WARN_ABOUT_RETURN_TYPE = YES_ERROR;
				GCC_WARN_UNDECLARED_SELECTOR = YES;
				GCC_WARN_UNINITIALIZED_AUTOS = YES_AGGRESSIVE;
				GCC_WARN_UNUSED_FUNCTION = YES;
				GCC_WARN_UNUSED_VARIABLE = YES;
				IPHONEOS_DEPLOYMENT_TARGET = 11.2;
				MTL_ENABLE_DEBUG_INFO = NO;
				SDKROOT = iphoneos;
				SWIFT_OPTIMIZATION_LEVEL = "-Owholemodule";
				VALIDATE_PRODUCT = YES;
			};
			name = Release;
		};
		6F1381D32031BF42002F30E4 /* Debug */ = {
			isa = XCBuildConfiguration;
			baseConfigurationReference = A5D2437F3A2661D67EA1BE6F /* Pods-ModesoWheelDemo.debug.xcconfig */;
			buildSettings = {
				ASSETCATALOG_COMPILER_APPICON_NAME = AppIcon;
				CODE_SIGN_STYLE = Automatic;
				DEVELOPMENT_TEAM = XP9UK5V4RA;
				INFOPLIST_FILE = ModesoWheelDemo/Info.plist;
				LD_RUNPATH_SEARCH_PATHS = "$(inherited) @executable_path/Frameworks";
				PRODUCT_BUNDLE_IDENTIFIER = com.modeso.ModesoWheelDemo;
				PRODUCT_NAME = "$(TARGET_NAME)";
				SWIFT_VERSION = 4.0;
				TARGETED_DEVICE_FAMILY = "1,2";
			};
			name = Debug;
		};
		6F1381D42031BF42002F30E4 /* Release */ = {
			isa = XCBuildConfiguration;
			baseConfigurationReference = A66B4E8979A7509BE7D41238 /* Pods-ModesoWheelDemo.release.xcconfig */;
			buildSettings = {
				ASSETCATALOG_COMPILER_APPICON_NAME = AppIcon;
				CODE_SIGN_STYLE = Automatic;
				DEVELOPMENT_TEAM = XP9UK5V4RA;
				INFOPLIST_FILE = ModesoWheelDemo/Info.plist;
				LD_RUNPATH_SEARCH_PATHS = "$(inherited) @executable_path/Frameworks";
				PRODUCT_BUNDLE_IDENTIFIER = com.modeso.ModesoWheelDemo;
				PRODUCT_NAME = "$(TARGET_NAME)";
				SWIFT_VERSION = 4.0;
				TARGETED_DEVICE_FAMILY = "1,2";
			};
			name = Release;
		};
/* End XCBuildConfiguration section */

/* Begin XCConfigurationList section */
		6F1381BB2031BF42002F30E4 /* Build configuration list for PBXProject "ModesoWheelDemo" */ = {
			isa = XCConfigurationList;
			buildConfigurations = (
				6F1381D02031BF42002F30E4 /* Debug */,
				6F1381D12031BF42002F30E4 /* Release */,
			);
			defaultConfigurationIsVisible = 0;
			defaultConfigurationName = Release;
		};
		6F1381D22031BF42002F30E4 /* Build configuration list for PBXNativeTarget "ModesoWheelDemo" */ = {
			isa = XCConfigurationList;
			buildConfigurations = (
				6F1381D32031BF42002F30E4 /* Debug */,
				6F1381D42031BF42002F30E4 /* Release */,
			);
			defaultConfigurationIsVisible = 0;
			defaultConfigurationName = Release;
		};
/* End XCConfigurationList section */
	};
	rootObject = 6F1381B82031BF42002F30E4 /* Project object */;
}
